
Microsoft Visual Studio Solution File, Format Version 12.00
# Visual Studio Version 16
VisualStudioVersion = 16.0.32630.194
MinimumVisualStudioVersion = 10.0.40219.1
Project("{8BC9CEB8-8B4A-11D0-8D11-00A0C91BC942}") = "BubbleSort_visualization", "BubbleSort_visualization\BubbleSort_visualization.vcxproj", "{0332827E-1C2C-44E2-94A4-14F42CE9C00C}"
EndProject
Global
	GlobalSection(SolutionConfigurationPlatforms) = preSolution
		Debug|x64 = Debug|x64
		Debug|x86 = Debug|x86
		Release|x64 = Release|x64
		Release|x86 = Release|x86
	EndGlobalSection
	GlobalSection(ProjectConfigurationPlatforms) = postSolution
		{0332827E-1C2C-44E2-94A4-14F42CE9C00C}.Debug|x64.ActiveCfg = Debug|x64
		{0332827E-1C2C-44E2-94A4-14F42CE9C00C}.Debug|x64.Build.0 = Debug|x64
		{0332827E-1C2C-44E2-94A4-14F42CE9C00C}.Debug|x86.ActiveCfg = Debug|Win32
		{0332827E-1C2C-44E2-94A4-14F42CE9C00C}.Debug|x86.Build.0 = Debug|Win32
		{0332827E-1C2C-44E2-94A4-14F42CE9C00C}.Release|x64.ActiveCfg = Release|x64
		{0332827E-1C2C-44E2-94A4-14F42CE9C00C}.Release|x64.Build.0 = Release|x64
		{0332827E-1C2C-44E2-94A4-14F42CE9C00C}.Release|x86.ActiveCfg = Release|Win32
		{0332827E-1C2C-44E2-94A4-14F42CE9C00C}.Release|x86.Build.0 = Release|Win32
	EndGlobalSection
	GlobalSection(SolutionProperties) = preSolution
		HideSolutionNode = FALSE
	EndGlobalSection
	GlobalSection(ExtensibilityGlobals) = postSolution
		SolutionGuid = {827970A8-080E-4B42-B3DE-D28FD3FF97B1}
	EndGlobalSection
EndGlobal
